
Microsoft Visual Studio Solution File, Format Version 12.00
# Visual Studio 15
VisualStudioVersion = 15.0.28307.572
MinimumVisualStudioVersion = 10.0.40219.1
Project("{FAE04EC0-301F-11D3-BF4B-00C04F79EFBC}") = "euler-0020", "euler-0020\euler-0020.csproj", "{59CAD457-34CF-4156-846F-35037DD7BBE9}"
EndProject
Global
	GlobalSection(SolutionConfigurationPlatforms) = preSolution
		Debug|Any CPU = Debug|Any CPU
		Release|Any CPU = Release|Any CPU
	EndGlobalSection
	GlobalSection(ProjectConfigurationPlatforms) = postSolution
		{59CAD457-34CF-4156-846F-35037DD7BBE9}.Debug|Any CPU.ActiveCfg = Debug|Any CPU
		{59CAD457-34CF-4156-846F-35037DD7BBE9}.Debug|Any CPU.Build.0 = Debug|Any CPU
		{59CAD457-34CF-4156-846F-35037DD7BBE9}.Release|Any CPU.ActiveCfg = Release|Any CPU
		{59CAD457-34CF-4156-846F-35037DD7BBE9}.Release|Any CPU.Build.0 = Release|Any CPU
	EndGlobalSection
	GlobalSection(SolutionProperties) = preSolution
		HideSolutionNode = FALSE
	EndGlobalSection
	GlobalSection(ExtensibilityGlobals) = postSolution
		SolutionGuid = {23388D9E-121A-4B47-B71B-FB1802E23F94}
	EndGlobalSection
EndGlobal
